
Microsoft Visual Studio Solution File, Format Version 12.00
# Visual Studio Version 16
VisualStudioVersion = 16.0.29728.190
MinimumVisualStudioVersion = 10.0.40219.1
Project("{FAE04EC0-301F-11D3-BF4B-00C04F79EFBC}") = "MVC Lab", "MVC Lab\MVC Lab.csproj", "{DD3A61A5-A076-42B0-9EDE-54B105EA859D}"
EndProject
Global
	GlobalSection(SolutionConfigurationPlatforms) = preSolution
		Debug|Any CPU = Debug|Any CPU
		Release|Any CPU = Release|Any CPU
	EndGlobalSection
	GlobalSection(ProjectConfigurationPlatforms) = postSolution
		{DD3A61A5-A076-42B0-9EDE-54B105EA859D}.Debug|Any CPU.ActiveCfg = Debug|Any CPU
		{DD3A61A5-A076-42B0-9EDE-54B105EA859D}.Debug|Any CPU.Build.0 = Debug|Any CPU
		{DD3A61A5-A076-42B0-9EDE-54B105EA859D}.Release|Any CPU.ActiveCfg = Release|Any CPU
		{DD3A61A5-A076-42B0-9EDE-54B105EA859D}.Release|Any CPU.Build.0 = Release|Any CPU
	EndGlobalSection
	GlobalSection(SolutionProperties) = preSolution
		HideSolutionNode = FALSE
	EndGlobalSection
	GlobalSection(ExtensibilityGlobals) = postSolution
		SolutionGuid = {68F684A7-9711-42E1-9A45-8746F6D2221A}
	EndGlobalSection
EndGlobal
